
Microsoft Visual Studio Solution File, Format Version 12.00
# Visual Studio Version 17
VisualStudioVersion = 17.0.31912.275
MinimumVisualStudioVersion = 10.0.40219.1
Project("{FAE04EC0-301F-11D3-BF4B-00C04F79EFBC}") = "SyntaxSugarExerciseConsole", "SyntaxSugarExerciseConsole\SyntaxSugarExerciseConsole.csproj", "{7F506568-F60C-4606-9BB3-EADF4206672B}"
EndProject
Global
	GlobalSection(SolutionConfigurationPlatforms) = preSolution
		Debug|Any CPU = Debug|Any CPU
		Release|Any CPU = Release|Any CPU
	EndGlobalSection
	GlobalSection(ProjectConfigurationPlatforms) = postSolution
		{7F506568-F60C-4606-9BB3-EADF4206672B}.Debug|Any CPU.ActiveCfg = Debug|Any CPU
		{7F506568-F60C-4606-9BB3-EADF4206672B}.Debug|Any CPU.Build.0 = Debug|Any CPU
		{7F506568-F60C-4606-9BB3-EADF4206672B}.Release|Any CPU.ActiveCfg = Release|Any CPU
		{7F506568-F60C-4606-9BB3-EADF4206672B}.Release|Any CPU.Build.0 = Release|Any CPU
	EndGlobalSection
	GlobalSection(SolutionProperties) = preSolution
		HideSolutionNode = FALSE
	EndGlobalSection
	GlobalSection(ExtensibilityGlobals) = postSolution
		SolutionGuid = {715AE08B-8C92-4305-9697-C8A4BF6B5757}
	EndGlobalSection
EndGlobal
